
Microsoft Visual Studio Solution File, Format Version 12.00
# Visual Studio Version 17
VisualStudioVersion = 17.5.002.0
MinimumVisualStudioVersion = 10.0.40219.1
Project("{9A19103F-16F7-4668-BE54-9A1E7A4F7556}") = "exercicio estoque poo", "exercicio estoque poo.csproj", "{CBDB9309-6C67-4832-A4F7-74C1F04C9CA1}"
EndProject
Global
	GlobalSection(SolutionConfigurationPlatforms) = preSolution
		Debug|Any CPU = Debug|Any CPU
		Release|Any CPU = Release|Any CPU
	EndGlobalSection
	GlobalSection(ProjectConfigurationPlatforms) = postSolution
		{CBDB9309-6C67-4832-A4F7-74C1F04C9CA1}.Debug|Any CPU.ActiveCfg = Debug|Any CPU
		{CBDB9309-6C67-4832-A4F7-74C1F04C9CA1}.Debug|Any CPU.Build.0 = Debug|Any CPU
		{CBDB9309-6C67-4832-A4F7-74C1F04C9CA1}.Release|Any CPU.ActiveCfg = Release|Any CPU
		{CBDB9309-6C67-4832-A4F7-74C1F04C9CA1}.Release|Any CPU.Build.0 = Release|Any CPU
	EndGlobalSection
	GlobalSection(SolutionProperties) = preSolution
		HideSolutionNode = FALSE
	EndGlobalSection
	GlobalSection(ExtensibilityGlobals) = postSolution
		SolutionGuid = {22E4207A-E137-42C6-B6BB-8256EF65E35F}
	EndGlobalSection
EndGlobal
